// !$*UTF8*$!
{
	archiveVersion = 1;
	classes = {
	};
	objectVersion = 50;
	objects = {

/* Begin PBXBuildFile section */
		625E1200233C10690076B139 /* AppDelegate.swift in Sources */ = {isa = PBXBuildFile; fileRef = 625E11FF233C10690076B139 /* AppDelegate.swift */; };
		625E1202233C10690076B139 /* SceneDelegate.swift in Sources */ = {isa = PBXBuildFile; fileRef = 625E1201233C10690076B139 /* SceneDelegate.swift */; };
		625E1207233C10690076B139 /* Main.storyboard in Resources */ = {isa = PBXBuildFile; fileRef = 625E1205233C10690076B139 /* Main.storyboard */; };
		625E1209233C106A0076B139 /* Assets.xcassets in Resources */ = {isa = PBXBuildFile; fileRef = 625E1208233C106A0076B139 /* Assets.xcassets */; };
		625E120C233C106A0076B139 /* LaunchScreen.storyboard in Resources */ = {isa = PBXBuildFile; fileRef = 625E120A233C106A0076B139 /* LaunchScreen.storyboard */; };
		625E1217233C12950076B139 /* CloudKit.framework in Frameworks */ = {isa = PBXBuildFile; fileRef = 625E1216233C12950076B139 /* CloudKit.framework */; };
		625E121B233C13970076B139 /* Hype.swift in Sources */ = {isa = PBXBuildFile; fileRef = 625E121A233C13970076B139 /* Hype.swift */; };
		625E121E233C13C00076B139 /* HypeController.swift in Sources */ = {isa = PBXBuildFile; fileRef = 625E121D233C13C00076B139 /* HypeController.swift */; };
		625E1223233C13F90076B139 /* HypeListViewController.swift in Sources */ = {isa = PBXBuildFile; fileRef = 625E1222233C13F90076B139 /* HypeListViewController.swift */; };
		625E1225233C143A0076B139 /* DateExtension.swift in Sources */ = {isa = PBXBuildFile; fileRef = 625E1224233C143A0076B139 /* DateExtension.swift */; };
		629EFBD223466B7900D8C1CD /* CloudKitManager.swift in Sources */ = {isa = PBXBuildFile; fileRef = 629EFBD123466B7900D8C1CD /* CloudKitManager.swift */; };
		62DBDD10233D41AB00AB0200 /* User.swift in Sources */ = {isa = PBXBuildFile; fileRef = 62DBDD0F233D41AB00AB0200 /* User.swift */; };
		62DBDD13233D47DA00AB0200 /* HypeList.storyboard in Resources */ = {isa = PBXBuildFile; fileRef = 62DBDD11233D47DA00AB0200 /* HypeList.storyboard */; };
		62DBDD15233D480800AB0200 /* SignUpViewController.swift in Sources */ = {isa = PBXBuildFile; fileRef = 62DBDD14233D480800AB0200 /* SignUpViewController.swift */; };
		62DBDD17233D482C00AB0200 /* UserController.swift in Sources */ = {isa = PBXBuildFile; fileRef = 62DBDD16233D482C00AB0200 /* UserController.swift */; };
		62DBDD19233D655E00AB0200 /* PhotoPickerViewController.swift in Sources */ = {isa = PBXBuildFile; fileRef = 62DBDD18233D655E00AB0200 /* PhotoPickerViewController.swift */; };
		62DBDD1C233E5F9400AB0200 /* PhotoPicker.storyboard in Resources */ = {isa = PBXBuildFile; fileRef = 62DBDD1A233E5F9400AB0200 /* PhotoPicker.storyboard */; };
		62DBDD1E233E612000AB0200 /* HypePhotoViewController.swift in Sources */ = {isa = PBXBuildFile; fileRef = 62DBDD1D233E612000AB0200 /* HypePhotoViewController.swift */; };
		62DBDD20233E688F00AB0200 /* HypeTableViewCell.swift in Sources */ = {isa = PBXBuildFile; fileRef = 62DBDD1F233E688F00AB0200 /* HypeTableViewCell.swift */; };
/* End PBXBuildFile section */

/* Begin PBXFileReference section */
		625E11FC233C10690076B139 /* Hype.app */ = {isa = PBXFileReference; explicitFileType = wrapper.application; includeInIndex = 0; path = Hype.app; sourceTree = BUILT_PRODUCTS_DIR; };
		625E11FF233C10690076B139 /* AppDelegate.swift */ = {isa = PBXFileReference; lastKnownFileType = sourcecode.swift; path = AppDelegate.swift; sourceTree = "<group>"; };
		625E1201233C10690076B139 /* SceneDelegate.swift */ = {isa = PBXFileReference; lastKnownFileType = sourcecode.swift; path = SceneDelegate.swift; sourceTree = "<group>"; };
		625E1206233C10690076B139 /* Base */ = {isa = PBXFileReference; lastKnownFileType = file.storyboard; name = Base; path = Base.lproj/Main.storyboard; sourceTree = "<group>"; };
		625E1208233C106A0076B139 /* Assets.xcassets */ = {isa = PBXFileReference; lastKnownFileType = folder.assetcatalog; path = Assets.xcassets; sourceTree = "<group>"; };
		625E120B233C106A0076B139 /* Base */ = {isa = PBXFileReference; lastKnownFileType = file.storyboard; name = Base; path = Base.lproj/LaunchScreen.storyboard; sourceTree = "<group>"; };
		625E120D233C106A0076B139 /* Info.plist */ = {isa = PBXFileReference; lastKnownFileType = text.plist.xml; path = Info.plist; sourceTree = "<group>"; };
		625E1214233C12910076B139 /* Hype.entitlements */ = {isa = PBXFileReference; lastKnownFileType = text.plist.entitlements; path = Hype.entitlements; sourceTree = "<group>"; };
		625E1216233C12950076B139 /* CloudKit.framework */ = {isa = PBXFileReference; lastKnownFileType = wrapper.framework; name = CloudKit.framework; path = System/Library/Frameworks/CloudKit.framework; sourceTree = SDKROOT; };
		625E121A233C13970076B139 /* Hype.swift */ = {isa = PBXFileReference; lastKnownFileType = sourcecode.swift; path = Hype.swift; sourceTree = "<group>"; };
		625E121D233C13C00076B139 /* HypeController.swift */ = {isa = PBXFileReference; lastKnownFileType = sourcecode.swift; path = HypeController.swift; sourceTree = "<group>"; };
		625E1222233C13F90076B139 /* HypeListViewController.swift */ = {isa = PBXFileReference; lastKnownFileType = sourcecode.swift; path = HypeListViewController.swift; sourceTree = "<group>"; };
		625E1224233C143A0076B139 /* DateExtension.swift */ = {isa = PBXFileReference; lastKnownFileType = sourcecode.swift; path = DateExtension.swift; sourceTree = "<group>"; };
		629EFBD123466B7900D8C1CD /* CloudKitManager.swift */ = {isa = PBXFileReference; lastKnownFileType = sourcecode.swift; path = CloudKitManager.swift; sourceTree = "<group>"; };
		62DBDD0F233D41AB00AB0200 /* User.swift */ = {isa = PBXFileReference; lastKnownFileType = sourcecode.swift; path = User.swift; sourceTree = "<group>"; };
		62DBDD12233D47DA00AB0200 /* Base */ = {isa = PBXFileReference; lastKnownFileType = file.storyboard; name = Base; path = Hype/Views/Storyboards/Base.lproj/HypeList.storyboard; sourceTree = "<group>"; };
		62DBDD14233D480800AB0200 /* SignUpViewController.swift */ = {isa = PBXFileReference; lastKnownFileType = sourcecode.swift; path = SignUpViewController.swift; sourceTree = "<group>"; };
		62DBDD16233D482C00AB0200 /* UserController.swift */ = {isa = PBXFileReference; lastKnownFileType = sourcecode.swift; path = UserController.swift; sourceTree = "<group>"; };
		62DBDD18233D655E00AB0200 /* PhotoPickerViewController.swift */ = {isa = PBXFileReference; lastKnownFileType = sourcecode.swift; path = PhotoPickerViewController.swift; sourceTree = "<group>"; };
		62DBDD1B233E5F9400AB0200 /* Base */ = {isa = PBXFileReference; lastKnownFileType = file.storyboard; name = Base; path = Hype/Views/Storyboards/Base.lproj/PhotoPicker.storyboard; sourceTree = "<group>"; };
		62DBDD1D233E612000AB0200 /* HypePhotoViewController.swift */ = {isa = PBXFileReference; lastKnownFileType = sourcecode.swift; path = HypePhotoViewController.swift; sourceTree = "<group>"; };
		62DBDD1F233E688F00AB0200 /* HypeTableViewCell.swift */ = {isa = PBXFileReference; lastKnownFileType = sourcecode.swift; path = HypeTableViewCell.swift; sourceTree = "<group>"; };
/* End PBXFileReference section */

/* Begin PBXFrameworksBuildPhase section */
		625E11F9233C10690076B139 /* Frameworks */ = {
			isa = PBXFrameworksBuildPhase;
			buildActionMask = 2147483647;
			files = (
				625E1217233C12950076B139 /* CloudKit.framework in Frameworks */,
			);
			runOnlyForDeploymentPostprocessing = 0;
		};
/* End PBXFrameworksBuildPhase section */

/* Begin PBXGroup section */
		625E11F3233C10690076B139 = {
			isa = PBXGroup;
			children = (
				625E11FE233C10690076B139 /* Hype */,
				625E11FD233C10690076B139 /* Products */,
				625E1215233C12950076B139 /* Frameworks */,
			);
			sourceTree = "<group>";
		};
		625E11FD233C10690076B139 /* Products */ = {
			isa = PBXGroup;
			children = (
				625E11FC233C10690076B139 /* Hype.app */,
			);
			name = Products;
			sourceTree = "<group>";
		};
		625E11FE233C10690076B139 /* Hype */ = {
			isa = PBXGroup;
			children = (
				625E1214233C12910076B139 /* Hype.entitlements */,
				625E121C233C13A00076B139 /* Models */,
				625E121F233C13D00076B139 /* Controllers */,
				625E1218233C136E0076B139 /* Views */,
				625E1213233C127A0076B139 /* Resources */,
			);
			path = Hype;
			sourceTree = "<group>";
		};
		625E1213233C127A0076B139 /* Resources */ = {
			isa = PBXGroup;
			children = (
				625E11FF233C10690076B139 /* AppDelegate.swift */,
				625E1201233C10690076B139 /* SceneDelegate.swift */,
				625E1208233C106A0076B139 /* Assets.xcassets */,
				625E120A233C106A0076B139 /* LaunchScreen.storyboard */,
				625E120D233C106A0076B139 /* Info.plist */,
			);
			path = Resources;
			sourceTree = "<group>";
		};
		625E1215233C12950076B139 /* Frameworks */ = {
			isa = PBXGroup;
			children = (
				625E1216233C12950076B139 /* CloudKit.framework */,
			);
			name = Frameworks;
			sourceTree = "<group>";
		};
		625E1218233C136E0076B139 /* Views */ = {
			isa = PBXGroup;
			children = (
				62DBDD21233E689200AB0200 /* Custom Cells */,
				625E1219233C13740076B139 /* Storyboards */,
			);
			path = Views;
			sourceTree = "<group>";
		};
		625E1219233C13740076B139 /* Storyboards */ = {
			isa = PBXGroup;
			children = (
				625E1205233C10690076B139 /* Main.storyboard */,
				62DBDD11233D47DA00AB0200 /* HypeList.storyboard */,
				62DBDD1A233E5F9400AB0200 /* PhotoPicker.storyboard */,
			);
			path = Storyboards;
			sourceTree = "<group>";
		};
		625E121C233C13A00076B139 /* Models */ = {
			isa = PBXGroup;
			children = (
				625E121A233C13970076B139 /* Hype.swift */,
				62DBDD0F233D41AB00AB0200 /* User.swift */,
			);
			path = Models;
			sourceTree = "<group>";
		};
		625E121F233C13D00076B139 /* Controllers */ = {
			isa = PBXGroup;
			children = (
				625E1221233C13E60076B139 /* ViewControllers */,
				625E1220233C13DA0076B139 /* ModelControllers */,
				625E1226233C143F0076B139 /* Helpers+Extensions */,
			);
			path = Controllers;
			sourceTree = "<group>";
		};
		625E1220233C13DA0076B139 /* ModelControllers */ = {
			isa = PBXGroup;
			children = (
				625E121D233C13C00076B139 /* HypeController.swift */,
				62DBDD16233D482C00AB0200 /* UserController.swift */,
			);
			path = ModelControllers;
			sourceTree = "<group>";
		};
		625E1221233C13E60076B139 /* ViewControllers */ = {
			isa = PBXGroup;
			children = (
				625E1222233C13F90076B139 /* HypeListViewController.swift */,
				62DBDD14233D480800AB0200 /* SignUpViewController.swift */,
				62DBDD18233D655E00AB0200 /* PhotoPickerViewController.swift */,
				62DBDD1D233E612000AB0200 /* HypePhotoViewController.swift */,
			);
			path = ViewControllers;
			sourceTree = "<group>";
		};
		625E1226233C143F0076B139 /* Helpers+Extensions */ = {
			isa = PBXGroup;
			children = (
				625E1224233C143A0076B139 /* DateExtension.swift */,
				629EFBD123466B7900D8C1CD /* CloudKitManager.swift */,
			);
			path = "Helpers+Extensions";
			sourceTree = "<group>";
		};
		62DBDD21233E689200AB0200 /* Custom Cells */ = {
			isa = PBXGroup;
			children = (
				62DBDD1F233E688F00AB0200 /* HypeTableViewCell.swift */,
			);
			path = "Custom Cells";
			sourceTree = "<group>";
		};
/* End PBXGroup section */

/* Begin PBXNativeTarget section */
		625E11FB233C10690076B139 /* Hype */ = {
			isa = PBXNativeTarget;
			buildConfigurationList = 625E1210233C106A0076B139 /* Build configuration list for PBXNativeTarget "Hype" */;
			buildPhases = (
				625E11F8233C10690076B139 /* Sources */,
				625E11F9233C10690076B139 /* Frameworks */,
				625E11FA233C10690076B139 /* Resources */,
			);
			buildRules = (
			);
			dependencies = (
			);
			name = Hype;
			productName = Hype;
			productReference = 625E11FC233C10690076B139 /* Hype.app */;
			productType = "com.apple.product-type.application";
		};
/* End PBXNativeTarget section */

/* Begin PBXProject section */
		625E11F4233C10690076B139 /* Project object */ = {
			isa = PBXProject;
			attributes = {
				LastSwiftUpdateCheck = 1100;
				LastUpgradeCheck = 1100;
				ORGANIZATIONNAME = "RYAN GREENBURG";
				TargetAttributes = {
					625E11FB233C10690076B139 = {
						CreatedOnToolsVersion = 11.0;
					};
				};
			};
			buildConfigurationList = 625E11F7233C10690076B139 /* Build configuration list for PBXProject "Hype" */;
			compatibilityVersion = "Xcode 9.3";
			developmentRegion = en;
			hasScannedForEncodings = 0;
			knownRegions = (
				en,
				Base,
			);
			mainGroup = 625E11F3233C10690076B139;
			productRefGroup = 625E11FD233C10690076B139 /* Products */;
			projectDirPath = "";
			projectRoot = "";
			targets = (
				625E11FB233C10690076B139 /* Hype */,
			);
		};
/* End PBXProject section */

/* Begin PBXResourcesBuildPhase section */
		625E11FA233C10690076B139 /* Resources */ = {
			isa = PBXResourcesBuildPhase;
			buildActionMask = 2147483647;
			files = (
				62DBDD13233D47DA00AB0200 /* HypeList.storyboard in Resources */,
				62DBDD1C233E5F9400AB0200 /* PhotoPicker.storyboard in Resources */,
				625E120C233C106A0076B139 /* LaunchScreen.storyboard in Resources */,
				625E1209233C106A0076B139 /* Assets.xcassets in Resources */,
				625E1207233C10690076B139 /* Main.storyboard in Resources */,
			);
			runOnlyForDeploymentPostprocessing = 0;
		};
/* End PBXResourcesBuildPhase section */

/* Begin PBXSourcesBuildPhase section */
		625E11F8233C10690076B139 /* Sources */ = {
			isa = PBXSourcesBuildPhase;
			buildActionMask = 2147483647;
			files = (
				62DBDD1E233E612000AB0200 /* HypePhotoViewController.swift in Sources */,
				62DBDD17233D482C00AB0200 /* UserController.swift in Sources */,
				625E1200233C10690076B139 /* AppDelegate.swift in Sources */,
				625E1225233C143A0076B139 /* DateExtension.swift in Sources */,
				62DBDD15233D480800AB0200 /* SignUpViewController.swift in Sources */,
				625E121E233C13C00076B139 /* HypeController.swift in Sources */,
				62DBDD19233D655E00AB0200 /* PhotoPickerViewController.swift in Sources */,
				625E1223233C13F90076B139 /* HypeListViewController.swift in Sources */,
				625E1202233C10690076B139 /* SceneDelegate.swift in Sources */,
				625E121B233C13970076B139 /* Hype.swift in Sources */,
				62DBDD10233D41AB00AB0200 /* User.swift in Sources */,
				62DBDD20233E688F00AB0200 /* HypeTableViewCell.swift in Sources */,
				629EFBD223466B7900D8C1CD /* CloudKitManager.swift in Sources */,
			);
			runOnlyForDeploymentPostprocessing = 0;
		};
/* End PBXSourcesBuildPhase section */

/* Begin PBXVariantGroup section */
		625E1205233C10690076B139 /* Main.storyboard */ = {
			isa = PBXVariantGroup;
			children = (
				625E1206233C10690076B139 /* Base */,
			);
			name = Main.storyboard;
			sourceTree = "<group>";
		};
		625E120A233C106A0076B139 /* LaunchScreen.storyboard */ = {
			isa = PBXVariantGroup;
			children = (
				625E120B233C106A0076B139 /* Base */,
			);
			name = LaunchScreen.storyboard;
			sourceTree = "<group>";
		};
		62DBDD11233D47DA00AB0200 /* HypeList.storyboard */ = {
			isa = PBXVariantGroup;
			children = (
				62DBDD12233D47DA00AB0200 /* Base */,
			);
			name = HypeList.storyboard;
			sourceTree = "<group>";
		};
		62DBDD1A233E5F9400AB0200 /* PhotoPicker.storyboard */ = {
			isa = PBXVariantGroup;
			children = (
				62DBDD1B233E5F9400AB0200 /* Base */,
			);
			name = PhotoPicker.storyboard;
			sourceTree = "<group>";
		};
/* End PBXVariantGroup section */

/* Begin XCBuildConfiguration section */
		625E120E233C106A0076B139 /* Debug */ = {
			isa = XCBuildConfiguration;
			buildSettings = {
				ALWAYS_SEARCH_USER_PATHS = NO;
				CLANG_ANALYZER_NONNULL = YES;
				CLANG_ANALYZER_NUMBER_OBJECT_CONVERSION = YES_AGGRESSIVE;
				CLANG_CXX_LANGUAGE_STANDARD = "gnu++14";
				CLANG_CXX_LIBRARY = "libc++";
				CLANG_ENABLE_MODULES = YES;
				CLANG_ENABLE_OBJC_ARC = YES;
				CLANG_ENABLE_OBJC_WEAK = YES;
				CLANG_WARN_BLOCK_CAPTURE_AUTORELEASING = YES;
				CLANG_WARN_BOOL_CONVERSION = YES;
				CLANG_WARN_COMMA = YES;
				CLANG_WARN_CONSTANT_CONVERSION = YES;
				CLANG_WARN_DEPRECATED_OBJC_IMPLEMENTATIONS = YES;
				CLANG_WARN_DIRECT_OBJC_ISA_USAGE = YES_ERROR;
				CLANG_WARN_DOCUMENTATION_COMMENTS = YES;
				CLANG_WARN_EMPTY_BODY = YES;
				CLANG_WARN_ENUM_CONVERSION = YES;
				CLANG_WARN_INFINITE_RECURSION = YES;
				CLANG_WARN_INT_CONVERSION = YES;
				CLANG_WARN_NON_LITERAL_NULL_CONVERSION = YES;
				CLANG_WARN_OBJC_IMPLICIT_RETAIN_SELF = YES;
				CLANG_WARN_OBJC_LITERAL_CONVERSION = YES;
				CLANG_WARN_OBJC_ROOT_CLASS = YES_ERROR;
				CLANG_WARN_RANGE_LOOP_ANALYSIS = YES;
				CLANG_WARN_STRICT_PROTOTYPES = YES;
				CLANG_WARN_SUSPICIOUS_MOVE = YES;
				CLANG_WARN_UNGUARDED_AVAILABILITY = YES_AGGRESSIVE;
				CLANG_WARN_UNREACHABLE_CODE = YES;
				CLANG_WARN__DUPLICATE_METHOD_MATCH = YES;
				COPY_PHASE_STRIP = NO;
				DEBUG_INFORMATION_FORMAT = dwarf;
				ENABLE_STRICT_OBJC_MSGSEND = YES;
				ENABLE_TESTABILITY = YES;
				GCC_C_LANGUAGE_STANDARD = gnu11;
				GCC_DYNAMIC_NO_PIC = NO;
				GCC_NO_COMMON_BLOCKS = YES;
				GCC_OPTIMIZATION_LEVEL = 0;
				GCC_PREPROCESSOR_DEFINITIONS = (
					"DEBUG=1",
					"$(inherited)",
				);
				GCC_WARN_64_TO_32_BIT_CONVERSION = YES;
				GCC_WARN_ABOUT_RETURN_TYPE = YES_ERROR;
				GCC_WARN_UNDECLARED_SELECTOR = YES;
				GCC_WARN_UNINITIALIZED_AUTOS = YES_AGGRESSIVE;
				GCC_WARN_UNUSED_FUNCTION = YES;
				GCC_WARN_UNUSED_VARIABLE = YES;
				IPHONEOS_DEPLOYMENT_TARGET = 13.0;
				MTL_ENABLE_DEBUG_INFO = INCLUDE_SOURCE;
				MTL_FAST_MATH = YES;
				ONLY_ACTIVE_ARCH = YES;
				SDKROOT = iphoneos;
				SWIFT_ACTIVE_COMPILATION_CONDITIONS = DEBUG;
				SWIFT_OPTIMIZATION_LEVEL = "-Onone";
			};
			name = Debug;
		};
		625E120F233C106A0076B139 /* Release */ = {
			isa = XCBuildConfiguration;
			buildSettings = {
				ALWAYS_SEARCH_USER_PATHS = NO;
				CLANG_ANALYZER_NONNULL = YES;
				CLANG_ANALYZER_NUMBER_OBJECT_CONVERSION = YES_AGGRESSIVE;
				CLANG_CXX_LANGUAGE_STANDARD = "gnu++14";
				CLANG_CXX_LIBRARY = "libc++";
				CLANG_ENABLE_MODULES = YES;
				CLANG_ENABLE_OBJC_ARC = YES;
				CLANG_ENABLE_OBJC_WEAK = YES;
				CLANG_WARN_BLOCK_CAPTURE_AUTORELEASING = YES;
				CLANG_WARN_BOOL_CONVERSION = YES;
				CLANG_WARN_COMMA = YES;
				CLANG_WARN_CONSTANT_CONVERSION = YES;
				CLANG_WARN_DEPRECATED_OBJC_IMPLEMENTATIONS = YES;
				CLANG_WARN_DIRECT_OBJC_ISA_USAGE = YES_ERROR;
				CLANG_WARN_DOCUMENTATION_COMMENTS = YES;
				CLANG_WARN_EMPTY_BODY = YES;
				CLANG_WARN_ENUM_CONVERSION = YES;
				CLANG_WARN_INFINITE_RECURSION = YES;
				CLANG_WARN_INT_CONVERSION = YES;
				CLANG_WARN_NON_LITERAL_NULL_CONVERSION = YES;
				CLANG_WARN_OBJC_IMPLICIT_RETAIN_SELF = YES;
				CLANG_WARN_OBJC_LITERAL_CONVERSION = YES;
				CLANG_WARN_OBJC_ROOT_CLASS = YES_ERROR;
				CLANG_WARN_RANGE_LOOP_ANALYSIS = YES;
				CLANG_WARN_STRICT_PROTOTYPES = YES;
				CLANG_WARN_SUSPICIOUS_MOVE = YES;
				CLANG_WARN_UNGUARDED_AVAILABILITY = YES_AGGRESSIVE;
				CLANG_WARN_UNREACHABLE_CODE = YES;
				CLANG_WARN__DUPLICATE_METHOD_MATCH = YES;
				COPY_PHASE_STRIP = NO;
				DEBUG_INFORMATION_FORMAT = "dwarf-with-dsym";
				ENABLE_NS_ASSERTIONS = NO;
				ENABLE_STRICT_OBJC_MSGSEND = YES;
				GCC_C_LANGUAGE_STANDARD = gnu11;
				GCC_NO_COMMON_BLOCKS = YES;
				GCC_WARN_64_TO_32_BIT_CONVERSION = YES;
				GCC_WARN_ABOUT_RETURN_TYPE = YES_ERROR;
				GCC_WARN_UNDECLARED_SELECTOR = YES;
				GCC_WARN_UNINITIALIZED_AUTOS = YES_AGGRESSIVE;
				GCC_WARN_UNUSED_FUNCTION = YES;
				GCC_WARN_UNUSED_VARIABLE = YES;
				IPHONEOS_DEPLOYMENT_TARGET = 13.0;
				MTL_ENABLE_DEBUG_INFO = NO;
				MTL_FAST_MATH = YES;
				SDKROOT = iphoneos;
				SWIFT_COMPILATION_MODE = wholemodule;
				SWIFT_OPTIMIZATION_LEVEL = "-O";
				VALIDATE_PRODUCT = YES;
			};
			name = Release;
		};
		625E1211233C106A0076B139 /* Debug */ = {
			isa = XCBuildConfiguration;
			buildSettings = {
				ASSETCATALOG_COMPILER_APPICON_NAME = AppIcon;
				CODE_SIGN_ENTITLEMENTS = Hype/Hype.entitlements;
				CODE_SIGN_STYLE = Automatic;
				DEVELOPMENT_TEAM = H8C27D6HU3;
				INFOPLIST_FILE = "$(SRCROOT)/Hype/Resources/Info.plist";
				LD_RUNPATH_SEARCH_PATHS = (
					"$(inherited)",
					"@executable_path/Frameworks",
				);
				PRODUCT_BUNDLE_IDENTIFIER = com.RG.Hype;
				PRODUCT_NAME = "$(TARGET_NAME)";
				SWIFT_VERSION = 5.0;
				TARGETED_DEVICE_FAMILY = "1,2";
			};
			name = Debug;
		};
		625E1212233C106A0076B139 /* Release */ = {
			isa = XCBuildConfiguration;
			buildSettings = {
				ASSETCATALOG_COMPILER_APPICON_NAME = AppIcon;
				CODE_SIGN_ENTITLEMENTS = Hype/Hype.entitlements;
				CODE_SIGN_STYLE = Automatic;
				DEVELOPMENT_TEAM = H8C27D6HU3;
				INFOPLIST_FILE = "$(SRCROOT)/Hype/Resources/Info.plist";
				LD_RUNPATH_SEARCH_PATHS = (
					"$(inherited)",
					"@executable_path/Frameworks",
				);
				PRODUCT_BUNDLE_IDENTIFIER = com.RG.Hype;
				PRODUCT_NAME = "$(TARGET_NAME)";
				SWIFT_VERSION = 5.0;
				TARGETED_DEVICE_FAMILY = "1,2";
			};
			name = Release;
		};
/* End XCBuildConfiguration section */

/* Begin XCConfigurationList section */
		625E11F7233C10690076B139 /* Build configuration list for PBXProject "Hype" */ = {
			isa = XCConfigurationList;
			buildConfigurations = (
				625E120E233C106A0076B139 /* Debug */,
				625E120F233C106A0076B139 /* Release */,
			);
			defaultConfigurationIsVisible = 0;
			defaultConfigurationName = Release;
		};
		625E1210233C106A0076B139 /* Build configuration list for PBXNativeTarget "Hype" */ = {
			isa = XCConfigurationList;
			buildConfigurations = (
				625E1211233C106A0076B139 /* Debug */,
				625E1212233C106A0076B139 /* Release */,
			);
			defaultConfigurationIsVisible = 0;
			defaultConfigurationName = Release;
		};
/* End XCConfigurationList section */
	};
	rootObject = 625E11F4233C10690076B139 /* Project object */;
}
